// !$*UTF8*$!
{
	archiveVersion = 1;
	classes = {
	};
	objectVersion = 56;
	objects = {

/* Begin PBXBuildFile section */
		9886F1B736CC6310EC6F334A /* Pods_EM_TestApp01.framework in Frameworks */ = {isa = PBXBuildFile; fileRef = 28FC82F60064F8CD45698BF1 /* Pods_EM_TestApp01.framework */; };
		DF1494C72B4D861B008B2D1C /* StudiqCore in Frameworks */ = {isa = PBXBuildFile; productRef = DF1494C62B4D861B008B2D1C /* StudiqCore */; };
		DF1494CA2B4D86CF008B2D1C /* StudiqUI in Frameworks */ = {isa = PBXBuildFile; productRef = DF1494C92B4D86CF008B2D1C /* StudiqUI */; };
		DF1494CD2B4D871C008B2D1C /* EMCustomPkg in Frameworks */ = {isa = PBXBuildFile; productRef = DF1494CC2B4D871C008B2D1C /* EMCustomPkg */; };
		DFD4D71C2B3B12E3004D48D1 /* AppDelegate.swift in Sources */ = {isa = PBXBuildFile; fileRef = DFD4D71B2B3B12E3004D48D1 /* AppDelegate.swift */; };
		DFD4D71E2B3B12E3004D48D1 /* SceneDelegate.swift in Sources */ = {isa = PBXBuildFile; fileRef = DFD4D71D2B3B12E3004D48D1 /* SceneDelegate.swift */; };
		DFD4D7232B3B12E3004D48D1 /* Main.storyboard in Resources */ = {isa = PBXBuildFile; fileRef = DFD4D7212B3B12E3004D48D1 /* Main.storyboard */; };
		DFD4D7252B3B12E5004D48D1 /* Assets.xcassets in Resources */ = {isa = PBXBuildFile; fileRef = DFD4D7242B3B12E5004D48D1 /* Assets.xcassets */; };
		DFD4D7282B3B12E5004D48D1 /* LaunchScreen.storyboard in Resources */ = {isa = PBXBuildFile; fileRef = DFD4D7262B3B12E5004D48D1 /* LaunchScreen.storyboard */; };
		DFD4D7592B3B157F004D48D1 /* UICustomResponder.swift in Sources */ = {isa = PBXBuildFile; fileRef = DFD4D7582B3B157F004D48D1 /* UICustomResponder.swift */; };
		DFD4D75D2B3B15B5004D48D1 /* HomeViewController.swift in Sources */ = {isa = PBXBuildFile; fileRef = DFD4D75B2B3B15B5004D48D1 /* HomeViewController.swift */; };
		DFD4D75E2B3B15B5004D48D1 /* HomeViewController.xib in Resources */ = {isa = PBXBuildFile; fileRef = DFD4D75C2B3B15B5004D48D1 /* HomeViewController.xib */; };
		DFD4D7602B3B15D2004D48D1 /* Config.swift in Sources */ = {isa = PBXBuildFile; fileRef = DFD4D75F2B3B15D2004D48D1 /* Config.swift */; };
		DFD4D76E2B3B2750004D48D1 /* Localizable.strings in Resources */ = {isa = PBXBuildFile; fileRef = DFD4D7702B3B2750004D48D1 /* Localizable.strings */; };
		DFD4D7762B3B28B6004D48D1 /* SplashViewController.swift in Sources */ = {isa = PBXBuildFile; fileRef = DFD4D7742B3B28B6004D48D1 /* SplashViewController.swift */; };
		DFD4D7772B3B28B6004D48D1 /* SplashViewController.xib in Resources */ = {isa = PBXBuildFile; fileRef = DFD4D7752B3B28B6004D48D1 /* SplashViewController.xib */; };
		DFE4499B2B3B2FC500F19F9C /* SplashPresenter.swift in Sources */ = {isa = PBXBuildFile; fileRef = DFE4499A2B3B2FC500F19F9C /* SplashPresenter.swift */; };
		DFE4499D2B3B2FE300F19F9C /* SplashAnimator.swift in Sources */ = {isa = PBXBuildFile; fileRef = DFE4499C2B3B2FE300F19F9C /* SplashAnimator.swift */; };
		DFE449AA2B3B34EF00F19F9C /* StudiqCore in Frameworks */ = {isa = PBXBuildFile; productRef = DFE449A92B3B34EF00F19F9C /* StudiqCore */; };
		DFE449B02B3B371900F19F9C /* StudiqUI in Frameworks */ = {isa = PBXBuildFile; productRef = DFE449AF2B3B371900F19F9C /* StudiqUI */; };
		DFE449C02B3B465700F19F9C /* EMCustomPkg in Frameworks */ = {isa = PBXBuildFile; productRef = DFE449BF2B3B465700F19F9C /* EMCustomPkg */; };
		DFE449C32B3B549E00F19F9C /* UIColor.swift in Sources */ = {isa = PBXBuildFile; fileRef = DFE449C22B3B549E00F19F9C /* UIColor.swift */; };
		DFE449D32B3C816D00F19F9C /* HotelInfoView.swift in Sources */ = {isa = PBXBuildFile; fileRef = DFE449D22B3C816D00F19F9C /* HotelInfoView.swift */; };
		DFE449D62B3C818200F19F9C /* HotelInfoView.xib in Resources */ = {isa = PBXBuildFile; fileRef = DFE449D52B3C818200F19F9C /* HotelInfoView.xib */; };
		DFE449D92B3C83D700F19F9C /* RatingView.swift in Sources */ = {isa = PBXBuildFile; fileRef = DFE449D82B3C83D700F19F9C /* RatingView.swift */; };
		DFE449DB2B3C83E100F19F9C /* RatingView.xib in Resources */ = {isa = PBXBuildFile; fileRef = DFE449DA2B3C83E100F19F9C /* RatingView.xib */; };
		DFE449DE2B3C989300F19F9C /* HotelFuturesView.swift in Sources */ = {isa = PBXBuildFile; fileRef = DFE449DD2B3C989300F19F9C /* HotelFuturesView.swift */; };
		DFE449E02B3C98A100F19F9C /* HotelFuturesView.xib in Resources */ = {isa = PBXBuildFile; fileRef = DFE449DF2B3C98A100F19F9C /* HotelFuturesView.xib */; };
		DFE449E22B3C99BB00F19F9C /* HotelFutureItem.swift in Sources */ = {isa = PBXBuildFile; fileRef = DFE449E12B3C99BB00F19F9C /* HotelFutureItem.swift */; };
		DFE449E62B3CA99D00F19F9C /* RoomSelectViewController.swift in Sources */ = {isa = PBXBuildFile; fileRef = DFE449E42B3CA99D00F19F9C /* RoomSelectViewController.swift */; };
		DFE449E72B3CA99D00F19F9C /* RoomSelectViewController.xib in Resources */ = {isa = PBXBuildFile; fileRef = DFE449E52B3CA99D00F19F9C /* RoomSelectViewController.xib */; };
		DFE449E92B3D9A9F00F19F9C /* RoomSelectViewCell.swift in Sources */ = {isa = PBXBuildFile; fileRef = DFE449E82B3D9A9F00F19F9C /* RoomSelectViewCell.swift */; };
		DFE449EB2B3D9E0C00F19F9C /* RoomSelectListItem.swift in Sources */ = {isa = PBXBuildFile; fileRef = DFE449EA2B3D9E0C00F19F9C /* RoomSelectListItem.swift */; };
		DFE449EE2B3D9EC200F19F9C /* RoomSelectViewCell.xib in Resources */ = {isa = PBXBuildFile; fileRef = DFE449ED2B3D9EC200F19F9C /* RoomSelectViewCell.xib */; };
		DFE449F52B3D9FA000F19F9C /* HotelItem.swift in Sources */ = {isa = PBXBuildFile; fileRef = DFE449F42B3D9FA000F19F9C /* HotelItem.swift */; };
		DFE44A082B3DB1A600F19F9C /* SF-Pro-Display-Bold.otf in Resources */ = {isa = PBXBuildFile; fileRef = DFE449F62B3DB1A600F19F9C /* SF-Pro-Display-Bold.otf */; };
		DFE44A092B3DB1A600F19F9C /* SF-Pro-Display-RegularItalic.otf in Resources */ = {isa = PBXBuildFile; fileRef = DFE449F72B3DB1A600F19F9C /* SF-Pro-Display-RegularItalic.otf */; };
		DFE44A0A2B3DB1A600F19F9C /* SF-Pro-Display-BlackItalic.otf in Resources */ = {isa = PBXBuildFile; fileRef = DFE449F82B3DB1A600F19F9C /* SF-Pro-Display-BlackItalic.otf */; };
		DFE44A0B2B3DB1A600F19F9C /* SF-Pro-Display-Light.otf in Resources */ = {isa = PBXBuildFile; fileRef = DFE449F92B3DB1A600F19F9C /* SF-Pro-Display-Light.otf */; };
		DFE44A0C2B3DB1A600F19F9C /* SF-Pro-Display-HeavyItalic.otf in Resources */ = {isa = PBXBuildFile; fileRef = DFE449FA2B3DB1A600F19F9C /* SF-Pro-Display-HeavyItalic.otf */; };
		DFE44A0D2B3DB1A600F19F9C /* SF-Pro-Display-Regular.otf in Resources */ = {isa = PBXBuildFile; fileRef = DFE449FB2B3DB1A600F19F9C /* SF-Pro-Display-Regular.otf */; };
		DFE44A0E2B3DB1A600F19F9C /* SF-Pro-Display-SemiboldItalic.otf in Resources */ = {isa = PBXBuildFile; fileRef = DFE449FC2B3DB1A600F19F9C /* SF-Pro-Display-SemiboldItalic.otf */; };
		DFE44A0F2B3DB1A600F19F9C /* SF-Pro-Display-Black.otf in Resources */ = {isa = PBXBuildFile; fileRef = DFE449FD2B3DB1A600F19F9C /* SF-Pro-Display-Black.otf */; };
		DFE44A102B3DB1A600F19F9C /* SF-Pro-Display-Heavy.otf in Resources */ = {isa = PBXBuildFile; fileRef = DFE449FE2B3DB1A600F19F9C /* SF-Pro-Display-Heavy.otf */; };
		DFE44A112B3DB1A600F19F9C /* SF-Pro-Display-Ultralight.otf in Resources */ = {isa = PBXBuildFile; fileRef = DFE449FF2B3DB1A600F19F9C /* SF-Pro-Display-Ultralight.otf */; };
		DFE44A122B3DB1A600F19F9C /* SF-Pro-Display-UltralightItalic.otf in Resources */ = {isa = PBXBuildFile; fileRef = DFE44A002B3DB1A600F19F9C /* SF-Pro-Display-UltralightItalic.otf */; };
		DFE44A132B3DB1A600F19F9C /* SF-Pro-Display-Medium.otf in Resources */ = {isa = PBXBuildFile; fileRef = DFE44A012B3DB1A600F19F9C /* SF-Pro-Display-Medium.otf */; };
		DFE44A142B3DB1A600F19F9C /* SF-Pro-Display-MediumItalic.otf in Resources */ = {isa = PBXBuildFile; fileRef = DFE44A022B3DB1A600F19F9C /* SF-Pro-Display-MediumItalic.otf */; };
		DFE44A152B3DB1A600F19F9C /* SF-Pro-Display-BoldItalic.otf in Resources */ = {isa = PBXBuildFile; fileRef = DFE44A032B3DB1A600F19F9C /* SF-Pro-Display-BoldItalic.otf */; };
		DFE44A162B3DB1A600F19F9C /* SF-Pro-Display-LightItalic.otf in Resources */ = {isa = PBXBuildFile; fileRef = DFE44A042B3DB1A600F19F9C /* SF-Pro-Display-LightItalic.otf */; };
		DFE44A172B3DB1A600F19F9C /* SF-Pro-Display-Semibold.otf in Resources */ = {isa = PBXBuildFile; fileRef = DFE44A052B3DB1A600F19F9C /* SF-Pro-Display-Semibold.otf */; };
		DFE44A182B3DB1A600F19F9C /* SF-Pro-Display-ThinItalic.otf in Resources */ = {isa = PBXBuildFile; fileRef = DFE44A062B3DB1A600F19F9C /* SF-Pro-Display-ThinItalic.otf */; };
		DFE44A192B3DB1A600F19F9C /* SF-Pro-Display-Thin.otf in Resources */ = {isa = PBXBuildFile; fileRef = DFE44A072B3DB1A600F19F9C /* SF-Pro-Display-Thin.otf */; };
		DFE44A1E2B3DC64600F19F9C /* BookingViewController.xib in Resources */ = {isa = PBXBuildFile; fileRef = DFE44A1C2B3DC64600F19F9C /* BookingViewController.xib */; };
		DFE44A1F2B3DC64600F19F9C /* BookingViewController.swift in Sources */ = {isa = PBXBuildFile; fileRef = DFE44A1D2B3DC64600F19F9C /* BookingViewController.swift */; };
		DFE44A232B3DC70E00F19F9C /* BookingInfoView.swift in Sources */ = {isa = PBXBuildFile; fileRef = DFE44A212B3DC70E00F19F9C /* BookingInfoView.swift */; };
		DFE44A242B3DC70E00F19F9C /* BookingInfoView.xib in Resources */ = {isa = PBXBuildFile; fileRef = DFE44A222B3DC70E00F19F9C /* BookingInfoView.xib */; };
		DFE44A282B3DC75A00F19F9C /* BuyerInfoView.swift in Sources */ = {isa = PBXBuildFile; fileRef = DFE44A262B3DC75A00F19F9C /* BuyerInfoView.swift */; };
		DFE44A292B3DC75A00F19F9C /* BuyerInfoView.xib in Resources */ = {isa = PBXBuildFile; fileRef = DFE44A272B3DC75A00F19F9C /* BuyerInfoView.xib */; };
		DFE44A302B3DC78100F19F9C /* TouristInfoView.swift in Sources */ = {isa = PBXBuildFile; fileRef = DFE44A2B2B3DC78100F19F9C /* TouristInfoView.swift */; };
		DFE44A312B3DC78100F19F9C /* TouristInfoView.xib in Resources */ = {isa = PBXBuildFile; fileRef = DFE44A2C2B3DC78100F19F9C /* TouristInfoView.xib */; };
		DFE44A322B3DC78100F19F9C /* TouristAddView.swift in Sources */ = {isa = PBXBuildFile; fileRef = DFE44A2E2B3DC78100F19F9C /* TouristAddView.swift */; };
		DFE44A332B3DC78100F19F9C /* TouristAddView.xib in Resources */ = {isa = PBXBuildFile; fileRef = DFE44A2F2B3DC78100F19F9C /* TouristAddView.xib */; };
		DFE44A372B3DC7A500F19F9C /* BookingTotalView.xib in Resources */ = {isa = PBXBuildFile; fileRef = DFE44A352B3DC7A500F19F9C /* BookingTotalView.xib */; };
		DFE44A382B3DC7A500F19F9C /* BookingTotalView.swift in Sources */ = {isa = PBXBuildFile; fileRef = DFE44A362B3DC7A500F19F9C /* BookingTotalView.swift */; };
		DFE44A3A2B3DC86D00F19F9C /* BookingInfoItem.swift in Sources */ = {isa = PBXBuildFile; fileRef = DFE44A392B3DC86D00F19F9C /* BookingInfoItem.swift */; };
		DFE44A3C2B3DD1AE00F19F9C /* PropertyRowItem.swift in Sources */ = {isa = PBXBuildFile; fileRef = DFE44A3B2B3DD1AE00F19F9C /* PropertyRowItem.swift */; };
		DFE44A452B3E185400F19F9C /* FinishViewController.swift in Sources */ = {isa = PBXBuildFile; fileRef = DFE44A432B3E185400F19F9C /* FinishViewController.swift */; };
		DFE44A462B3E185400F19F9C /* FinishViewController.xib in Resources */ = {isa = PBXBuildFile; fileRef = DFE44A442B3E185400F19F9C /* FinishViewController.xib */; };
		DFE44A4E2B3E26FF00F19F9C /* BookingTouristList.swift in Sources */ = {isa = PBXBuildFile; fileRef = DFE44A4D2B3E26FF00F19F9C /* BookingTouristList.swift */; };
		DFE44A502B3E270E00F19F9C /* BookingTouristList.xib in Resources */ = {isa = PBXBuildFile; fileRef = DFE44A4F2B3E270E00F19F9C /* BookingTouristList.xib */; };
		DFE44A522B3E281500F19F9C /* BookingTouristItem.swift in Sources */ = {isa = PBXBuildFile; fileRef = DFE44A512B3E281500F19F9C /* BookingTouristItem.swift */; };
		DFE44A562B3E28AC00F19F9C /* BookingTouristViewCell.swift in Sources */ = {isa = PBXBuildFile; fileRef = DFE44A542B3E28AC00F19F9C /* BookingTouristViewCell.swift */; };
		DFE44A572B3E28AC00F19F9C /* BookingTouristViewCell.xib in Resources */ = {isa = PBXBuildFile; fileRef = DFE44A552B3E28AC00F19F9C /* BookingTouristViewCell.xib */; };
/* End PBXBuildFile section */

/* Begin PBXFileReference section */
		28FC82F60064F8CD45698BF1 /* Pods_EM_TestApp01.framework */ = {isa = PBXFileReference; explicitFileType = wrapper.framework; includeInIndex = 0; path = Pods_EM_TestApp01.framework; sourceTree = BUILT_PRODUCTS_DIR; };
		69608AB394C7A9F51099078E /* Pods-EM TestApp01.debug.xcconfig */ = {isa = PBXFileReference; includeInIndex = 1; lastKnownFileType = text.xcconfig; name = "Pods-EM TestApp01.debug.xcconfig"; path = "Target Support Files/Pods-EM TestApp01/Pods-EM TestApp01.debug.xcconfig"; sourceTree = "<group>"; };
		C43D878D49A89BFA5E6591A2 /* Pods-EM TestApp01.release.xcconfig */ = {isa = PBXFileReference; includeInIndex = 1; lastKnownFileType = text.xcconfig; name = "Pods-EM TestApp01.release.xcconfig"; path = "Target Support Files/Pods-EM TestApp01/Pods-EM TestApp01.release.xcconfig"; sourceTree = "<group>"; };
		DFD4D7182B3B12E3004D48D1 /* EM TestApp01.app */ = {isa = PBXFileReference; explicitFileType = wrapper.application; includeInIndex = 0; path = "EM TestApp01.app"; sourceTree = BUILT_PRODUCTS_DIR; };
		DFD4D71B2B3B12E3004D48D1 /* AppDelegate.swift */ = {isa = PBXFileReference; lastKnownFileType = sourcecode.swift; path = AppDelegate.swift; sourceTree = "<group>"; };
		DFD4D71D2B3B12E3004D48D1 /* SceneDelegate.swift */ = {isa = PBXFileReference; lastKnownFileType = sourcecode.swift; path = SceneDelegate.swift; sourceTree = "<group>"; };
		DFD4D7222B3B12E3004D48D1 /* Base */ = {isa = PBXFileReference; lastKnownFileType = file.storyboard; name = Base; path = Base.lproj/Main.storyboard; sourceTree = "<group>"; };
		DFD4D7242B3B12E5004D48D1 /* Assets.xcassets */ = {isa = PBXFileReference; lastKnownFileType = folder.assetcatalog; path = Assets.xcassets; sourceTree = "<group>"; };
		DFD4D7272B3B12E5004D48D1 /* Base */ = {isa = PBXFileReference; lastKnownFileType = file.storyboard; name = Base; path = Base.lproj/LaunchScreen.storyboard; sourceTree = "<group>"; };
		DFD4D7292B3B12E5004D48D1 /* Info.plist */ = {isa = PBXFileReference; lastKnownFileType = text.plist.xml; path = Info.plist; sourceTree = "<group>"; };
		DFD4D7582B3B157F004D48D1 /* UICustomResponder.swift */ = {isa = PBXFileReference; lastKnownFileType = sourcecode.swift; path = UICustomResponder.swift; sourceTree = "<group>"; };
		DFD4D75B2B3B15B5004D48D1 /* HomeViewController.swift */ = {isa = PBXFileReference; lastKnownFileType = sourcecode.swift; path = HomeViewController.swift; sourceTree = "<group>"; };
		DFD4D75C2B3B15B5004D48D1 /* HomeViewController.xib */ = {isa = PBXFileReference; lastKnownFileType = file.xib; path = HomeViewController.xib; sourceTree = "<group>"; };
		DFD4D75F2B3B15D2004D48D1 /* Config.swift */ = {isa = PBXFileReference; lastKnownFileType = sourcecode.swift; path = Config.swift; sourceTree = "<group>"; };
		DFD4D76F2B3B2750004D48D1 /* en */ = {isa = PBXFileReference; lastKnownFileType = text.plist.strings; name = en; path = en.lproj/Localizable.strings; sourceTree = "<group>"; };
		DFD4D7712B3B275E004D48D1 /* ru */ = {isa = PBXFileReference; lastKnownFileType = text.plist.strings; name = ru; path = ru.lproj/Localizable.strings; sourceTree = "<group>"; };
		DFD4D7742B3B28B6004D48D1 /* SplashViewController.swift */ = {isa = PBXFileReference; lastKnownFileType = sourcecode.swift; path = SplashViewController.swift; sourceTree = "<group>"; };
		DFD4D7752B3B28B6004D48D1 /* SplashViewController.xib */ = {isa = PBXFileReference; lastKnownFileType = file.xib; path = SplashViewController.xib; sourceTree = "<group>"; };
		DFE4499A2B3B2FC500F19F9C /* SplashPresenter.swift */ = {isa = PBXFileReference; lastKnownFileType = sourcecode.swift; path = SplashPresenter.swift; sourceTree = "<group>"; };
		DFE4499C2B3B2FE300F19F9C /* SplashAnimator.swift */ = {isa = PBXFileReference; lastKnownFileType = sourcecode.swift; path = SplashAnimator.swift; sourceTree = "<group>"; };
		DFE449C22B3B549E00F19F9C /* UIColor.swift */ = {isa = PBXFileReference; lastKnownFileType = sourcecode.swift; path = UIColor.swift; sourceTree = "<group>"; };
		DFE449D22B3C816D00F19F9C /* HotelInfoView.swift */ = {isa = PBXFileReference; lastKnownFileType = sourcecode.swift; path = HotelInfoView.swift; sourceTree = "<group>"; };
		DFE449D52B3C818200F19F9C /* HotelInfoView.xib */ = {isa = PBXFileReference; lastKnownFileType = file.xib; path = HotelInfoView.xib; sourceTree = "<group>"; };
		DFE449D82B3C83D700F19F9C /* RatingView.swift */ = {isa = PBXFileReference; lastKnownFileType = sourcecode.swift; path = RatingView.swift; sourceTree = "<group>"; };
		DFE449DA2B3C83E100F19F9C /* RatingView.xib */ = {isa = PBXFileReference; lastKnownFileType = file.xib; path = RatingView.xib; sourceTree = "<group>"; };
		DFE449DD2B3C989300F19F9C /* HotelFuturesView.swift */ = {isa = PBXFileReference; lastKnownFileType = sourcecode.swift; path = HotelFuturesView.swift; sourceTree = "<group>"; };
		DFE449DF2B3C98A100F19F9C /* HotelFuturesView.xib */ = {isa = PBXFileReference; lastKnownFileType = file.xib; path = HotelFuturesView.xib; sourceTree = "<group>"; };
		DFE449E12B3C99BB00F19F9C /* HotelFutureItem.swift */ = {isa = PBXFileReference; lastKnownFileType = sourcecode.swift; path = HotelFutureItem.swift; sourceTree = "<group>"; };
		DFE449E42B3CA99D00F19F9C /* RoomSelectViewController.swift */ = {isa = PBXFileReference; lastKnownFileType = sourcecode.swift; path = RoomSelectViewController.swift; sourceTree = "<group>"; };
		DFE449E52B3CA99D00F19F9C /* RoomSelectViewController.xib */ = {isa = PBXFileReference; lastKnownFileType = file.xib; path = RoomSelectViewController.xib; sourceTree = "<group>"; };
		DFE449E82B3D9A9F00F19F9C /* RoomSelectViewCell.swift */ = {isa = PBXFileReference; lastKnownFileType = sourcecode.swift; path = RoomSelectViewCell.swift; sourceTree = "<group>"; };
		DFE449EA2B3D9E0C00F19F9C /* RoomSelectListItem.swift */ = {isa = PBXFileReference; lastKnownFileType = sourcecode.swift; path = RoomSelectListItem.swift; sourceTree = "<group>"; };
		DFE449ED2B3D9EC200F19F9C /* RoomSelectViewCell.xib */ = {isa = PBXFileReference; fileEncoding = 4; lastKnownFileType = file.xib; path = RoomSelectViewCell.xib; sourceTree = "<group>"; };
		DFE449F42B3D9FA000F19F9C /* HotelItem.swift */ = {isa = PBXFileReference; lastKnownFileType = sourcecode.swift; path = HotelItem.swift; sourceTree = "<group>"; };
		DFE449F62B3DB1A600F19F9C /* SF-Pro-Display-Bold.otf */ = {isa = PBXFileReference; lastKnownFileType = file; path = "SF-Pro-Display-Bold.otf"; sourceTree = "<group>"; };
		DFE449F72B3DB1A600F19F9C /* SF-Pro-Display-RegularItalic.otf */ = {isa = PBXFileReference; lastKnownFileType = file; path = "SF-Pro-Display-RegularItalic.otf"; sourceTree = "<group>"; };
		DFE449F82B3DB1A600F19F9C /* SF-Pro-Display-BlackItalic.otf */ = {isa = PBXFileReference; lastKnownFileType = file; path = "SF-Pro-Display-BlackItalic.otf"; sourceTree = "<group>"; };
		DFE449F92B3DB1A600F19F9C /* SF-Pro-Display-Light.otf */ = {isa = PBXFileReference; lastKnownFileType = file; path = "SF-Pro-Display-Light.otf"; sourceTree = "<group>"; };
		DFE449FA2B3DB1A600F19F9C /* SF-Pro-Display-HeavyItalic.otf */ = {isa = PBXFileReference; lastKnownFileType = file; path = "SF-Pro-Display-HeavyItalic.otf"; sourceTree = "<group>"; };
		DFE449FB2B3DB1A600F19F9C /* SF-Pro-Display-Regular.otf */ = {isa = PBXFileReference; lastKnownFileType = file; path = "SF-Pro-Display-Regular.otf"; sourceTree = "<group>"; };
		DFE449FC2B3DB1A600F19F9C /* SF-Pro-Display-SemiboldItalic.otf */ = {isa = PBXFileReference; lastKnownFileType = file; path = "SF-Pro-Display-SemiboldItalic.otf"; sourceTree = "<group>"; };
		DFE449FD2B3DB1A600F19F9C /* SF-Pro-Display-Black.otf */ = {isa = PBXFileReference; lastKnownFileType = file; path = "SF-Pro-Display-Black.otf"; sourceTree = "<group>"; };
		DFE449FE2B3DB1A600F19F9C /* SF-Pro-Display-Heavy.otf */ = {isa = PBXFileReference; lastKnownFileType = file; path = "SF-Pro-Display-Heavy.otf"; sourceTree = "<group>"; };
		DFE449FF2B3DB1A600F19F9C /* SF-Pro-Display-Ultralight.otf */ = {isa = PBXFileReference; lastKnownFileType = file; path = "SF-Pro-Display-Ultralight.otf"; sourceTree = "<group>"; };
		DFE44A002B3DB1A600F19F9C /* SF-Pro-Display-UltralightItalic.otf */ = {isa = PBXFileReference; lastKnownFileType = file; path = "SF-Pro-Display-UltralightItalic.otf"; sourceTree = "<group>"; };
		DFE44A012B3DB1A600F19F9C /* SF-Pro-Display-Medium.otf */ = {isa = PBXFileReference; lastKnownFileType = file; path = "SF-Pro-Display-Medium.otf"; sourceTree = "<group>"; };
		DFE44A022B3DB1A600F19F9C /* SF-Pro-Display-MediumItalic.otf */ = {isa = PBXFileReference; lastKnownFileType = file; path = "SF-Pro-Display-MediumItalic.otf"; sourceTree = "<group>"; };
		DFE44A032B3DB1A600F19F9C /* SF-Pro-Display-BoldItalic.otf */ = {isa = PBXFileReference; lastKnownFileType = file; path = "SF-Pro-Display-BoldItalic.otf"; sourceTree = "<group>"; };
		DFE44A042B3DB1A600F19F9C /* SF-Pro-Display-LightItalic.otf */ = {isa = PBXFileReference; lastKnownFileType = file; path = "SF-Pro-Display-LightItalic.otf"; sourceTree = "<group>"; };
		DFE44A052B3DB1A600F19F9C /* SF-Pro-Display-Semibold.otf */ = {isa = PBXFileReference; lastKnownFileType = file; path = "SF-Pro-Display-Semibold.otf"; sourceTree = "<group>"; };
		DFE44A062B3DB1A600F19F9C /* SF-Pro-Display-ThinItalic.otf */ = {isa = PBXFileReference; lastKnownFileType = file; path = "SF-Pro-Display-ThinItalic.otf"; sourceTree = "<group>"; };
		DFE44A072B3DB1A600F19F9C /* SF-Pro-Display-Thin.otf */ = {isa = PBXFileReference; lastKnownFileType = file; path = "SF-Pro-Display-Thin.otf"; sourceTree = "<group>"; };
		DFE44A1C2B3DC64600F19F9C /* BookingViewController.xib */ = {isa = PBXFileReference; fileEncoding = 4; lastKnownFileType = file.xib; path = BookingViewController.xib; sourceTree = "<group>"; };
		DFE44A1D2B3DC64600F19F9C /* BookingViewController.swift */ = {isa = PBXFileReference; fileEncoding = 4; lastKnownFileType = sourcecode.swift; path = BookingViewController.swift; sourceTree = "<group>"; };
		DFE44A212B3DC70E00F19F9C /* BookingInfoView.swift */ = {isa = PBXFileReference; fileEncoding = 4; lastKnownFileType = sourcecode.swift; path = BookingInfoView.swift; sourceTree = "<group>"; };
		DFE44A222B3DC70E00F19F9C /* BookingInfoView.xib */ = {isa = PBXFileReference; fileEncoding = 4; lastKnownFileType = file.xib; path = BookingInfoView.xib; sourceTree = "<group>"; };
		DFE44A262B3DC75A00F19F9C /* BuyerInfoView.swift */ = {isa = PBXFileReference; fileEncoding = 4; lastKnownFileType = sourcecode.swift; path = BuyerInfoView.swift; sourceTree = "<group>"; };
		DFE44A272B3DC75A00F19F9C /* BuyerInfoView.xib */ = {isa = PBXFileReference; fileEncoding = 4; lastKnownFileType = file.xib; path = BuyerInfoView.xib; sourceTree = "<group>"; };
		DFE44A2B2B3DC78100F19F9C /* TouristInfoView.swift */ = {isa = PBXFileReference; fileEncoding = 4; lastKnownFileType = sourcecode.swift; path = TouristInfoView.swift; sourceTree = "<group>"; };
		DFE44A2C2B3DC78100F19F9C /* TouristInfoView.xib */ = {isa = PBXFileReference; fileEncoding = 4; lastKnownFileType = file.xib; path = TouristInfoView.xib; sourceTree = "<group>"; };
		DFE44A2E2B3DC78100F19F9C /* TouristAddView.swift */ = {isa = PBXFileReference; fileEncoding = 4; lastKnownFileType = sourcecode.swift; path = TouristAddView.swift; sourceTree = "<group>"; };
		DFE44A2F2B3DC78100F19F9C /* TouristAddView.xib */ = {isa = PBXFileReference; fileEncoding = 4; lastKnownFileType = file.xib; path = TouristAddView.xib; sourceTree = "<group>"; };
		DFE44A352B3DC7A500F19F9C /* BookingTotalView.xib */ = {isa = PBXFileReference; fileEncoding = 4; lastKnownFileType = file.xib; path = BookingTotalView.xib; sourceTree = "<group>"; };
		DFE44A362B3DC7A500F19F9C /* BookingTotalView.swift */ = {isa = PBXFileReference; fileEncoding = 4; lastKnownFileType = sourcecode.swift; path = BookingTotalView.swift; sourceTree = "<group>"; };
		DFE44A392B3DC86D00F19F9C /* BookingInfoItem.swift */ = {isa = PBXFileReference; lastKnownFileType = sourcecode.swift; path = BookingInfoItem.swift; sourceTree = "<group>"; };
		DFE44A3B2B3DD1AE00F19F9C /* PropertyRowItem.swift */ = {isa = PBXFileReference; lastKnownFileType = sourcecode.swift; path = PropertyRowItem.swift; sourceTree = "<group>"; };
		DFE44A432B3E185400F19F9C /* FinishViewController.swift */ = {isa = PBXFileReference; fileEncoding = 4; lastKnownFileType = sourcecode.swift; path = FinishViewController.swift; sourceTree = "<group>"; };
		DFE44A442B3E185400F19F9C /* FinishViewController.xib */ = {isa = PBXFileReference; fileEncoding = 4; lastKnownFileType = file.xib; path = FinishViewController.xib; sourceTree = "<group>"; };
		DFE44A4D2B3E26FF00F19F9C /* BookingTouristList.swift */ = {isa = PBXFileReference; lastKnownFileType = sourcecode.swift; path = BookingTouristList.swift; sourceTree = "<group>"; };
		DFE44A4F2B3E270E00F19F9C /* BookingTouristList.xib */ = {isa = PBXFileReference; lastKnownFileType = file.xib; path = BookingTouristList.xib; sourceTree = "<group>"; };
		DFE44A512B3E281500F19F9C /* BookingTouristItem.swift */ = {isa = PBXFileReference; lastKnownFileType = sourcecode.swift; path = BookingTouristItem.swift; sourceTree = "<group>"; };
		DFE44A542B3E28AC00F19F9C /* BookingTouristViewCell.swift */ = {isa = PBXFileReference; lastKnownFileType = sourcecode.swift; path = BookingTouristViewCell.swift; sourceTree = "<group>"; };
		DFE44A552B3E28AC00F19F9C /* BookingTouristViewCell.xib */ = {isa = PBXFileReference; lastKnownFileType = file.xib; path = BookingTouristViewCell.xib; sourceTree = "<group>"; };
/* End PBXFileReference section */

/* Begin PBXFrameworksBuildPhase section */
		DFD4D7152B3B12E3004D48D1 /* Frameworks */ = {
			isa = PBXFrameworksBuildPhase;
			buildActionMask = 2147483647;
			files = (
				DF1494CA2B4D86CF008B2D1C /* StudiqUI in Frameworks */,
				DFE449B02B3B371900F19F9C /* StudiqUI in Frameworks */,
				DF1494CD2B4D871C008B2D1C /* EMCustomPkg in Frameworks */,
				DF1494C72B4D861B008B2D1C /* StudiqCore in Frameworks */,
				9886F1B736CC6310EC6F334A /* Pods_EM_TestApp01.framework in Frameworks */,
				DFE449C02B3B465700F19F9C /* EMCustomPkg in Frameworks */,
				DFE449AA2B3B34EF00F19F9C /* StudiqCore in Frameworks */,
			);
			runOnlyForDeploymentPostprocessing = 0;
		};
/* End PBXFrameworksBuildPhase section */

/* Begin PBXGroup section */
		3209CB6D1FF97A8770E89607 /* Pods */ = {
			isa = PBXGroup;
			children = (
				69608AB394C7A9F51099078E /* Pods-EM TestApp01.debug.xcconfig */,
				C43D878D49A89BFA5E6591A2 /* Pods-EM TestApp01.release.xcconfig */,
			);
			path = Pods;
			sourceTree = "<group>";
		};
		3CAAD1553B9FB3D2BC053665 /* Frameworks */ = {
			isa = PBXGroup;
			children = (
				28FC82F60064F8CD45698BF1 /* Pods_EM_TestApp01.framework */,
			);
			name = Frameworks;
			sourceTree = "<group>";
		};
		DFD4D70F2B3B12E3004D48D1 = {
			isa = PBXGroup;
			children = (
				DFE4499E2B3B343C00F19F9C /* Packages */,
				DFD4D71A2B3B12E3004D48D1 /* EM TestApp01 */,
				DFD4D7192B3B12E3004D48D1 /* Products */,
				3209CB6D1FF97A8770E89607 /* Pods */,
				3CAAD1553B9FB3D2BC053665 /* Frameworks */,
			);
			sourceTree = "<group>";
		};
		DFD4D7192B3B12E3004D48D1 /* Products */ = {
			isa = PBXGroup;
			children = (
				DFD4D7182B3B12E3004D48D1 /* EM TestApp01.app */,
			);
			name = Products;
			sourceTree = "<group>";
		};
		DFD4D71A2B3B12E3004D48D1 /* EM TestApp01 */ = {
			isa = PBXGroup;
			children = (
				DFD4D74B2B3B14A3004D48D1 /* View */,
				DFD4D7512B3B14F7004D48D1 /* Extensions */,
				DFD4D7522B3B1506004D48D1 /* Info */,
				DFD4D7532B3B153C004D48D1 /* Controllers */,
				DFD4D7542B3B1547004D48D1 /* Model */,
				DFD4D7552B3B1551004D48D1 /* Resources */,
			);
			path = "EM TestApp01";
			sourceTree = "<group>";
		};
		DFD4D74B2B3B14A3004D48D1 /* View */ = {
			isa = PBXGroup;
			children = (
				DFD4D74C2B3B14AE004D48D1 /* Cells */,
				DFD4D74D2B3B14B5004D48D1 /* Header */,
				DFD4D74E2B3B14C1004D48D1 /* Footer */,
				DFD4D74F2B3B14CF004D48D1 /* Custom */,
			);
			path = View;
			sourceTree = "<group>";
		};
		DFD4D74C2B3B14AE004D48D1 /* Cells */ = {
			isa = PBXGroup;
			children = (
			);
			path = Cells;
			sourceTree = "<group>";
		};
		DFD4D74D2B3B14B5004D48D1 /* Header */ = {
			isa = PBXGroup;
			children = (
			);
			path = Header;
			sourceTree = "<group>";
		};
		DFD4D74E2B3B14C1004D48D1 /* Footer */ = {
			isa = PBXGroup;
			children = (
			);
			path = Footer;
			sourceTree = "<group>";
		};
		DFD4D74F2B3B14CF004D48D1 /* Custom */ = {
			isa = PBXGroup;
			children = (
				DFE44A4C2B3E26DE00F19F9C /* BookingTouristList */,
				DFE44A342B3DC7A500F19F9C /* BookingTotalView */,
				DFE44A2D2B3DC78100F19F9C /* TouristAddView */,
				DFE44A2A2B3DC78100F19F9C /* TouristInfoView */,
				DFE44A252B3DC75A00F19F9C /* BuyerInfoView */,
				DFE44A202B3DC70E00F19F9C /* BookingInfoView */,
				DFE449DC2B3C987D00F19F9C /* HotelFuturesView */,
				DFE449D72B3C83C600F19F9C /* RatingView */,
				DFE449D42B3C817300F19F9C /* HotelInfoView */,
				DFD4D7502B3B14EB004D48D1 /* Controls */,
			);
			path = Custom;
			sourceTree = "<group>";
		};
		DFD4D7502B3B14EB004D48D1 /* Controls */ = {
			isa = PBXGroup;
			children = (
			);
			path = Controls;
			sourceTree = "<group>";
		};
		DFD4D7512B3B14F7004D48D1 /* Extensions */ = {
			isa = PBXGroup;
			children = (
				DFE449C22B3B549E00F19F9C /* UIColor.swift */,
			);
			path = Extensions;
			sourceTree = "<group>";
		};
		DFD4D7522B3B1506004D48D1 /* Info */ = {
			isa = PBXGroup;
			children = (
				DFD4D7292B3B12E5004D48D1 /* Info.plist */,
			);
			path = Info;
			sourceTree = "<group>";
		};
		DFD4D7532B3B153C004D48D1 /* Controllers */ = {
			isa = PBXGroup;
			children = (
				DFE44A3D2B3E182800F19F9C /* FinishViewController */,
				DFE44A1B2B3DC64600F19F9C /* Booking */,
				DFE449E32B3CA98400F19F9C /* RoomSelect */,
				DFD4D7722B3B289D004D48D1 /* Tools */,
				DFD4D75A2B3B15A3004D48D1 /* Home */,
			);
			path = Controllers;
			sourceTree = "<group>";
		};
		DFD4D7542B3B1547004D48D1 /* Model */ = {
			isa = PBXGroup;
			children = (
				DFD4D7562B3B155B004D48D1 /* Data */,
				DFD4D7572B3B1562004D48D1 /* System */,
			);
			path = Model;
			sourceTree = "<group>";
		};
		DFD4D7552B3B1551004D48D1 /* Resources */ = {
			isa = PBXGroup;
			children = (
				DFD4D7682B3B1770004D48D1 /* Assets */,
				DFD4D7672B3B1767004D48D1 /* Strings */,
				DFD4D7692B3B1778004D48D1 /* Storyboard */,
				DFD4D76A2B3B1794004D48D1 /* Typography */,
				DFD4D76B2B3B1798004D48D1 /* Fonts */,
			);
			path = Resources;
			sourceTree = "<group>";
		};
		DFD4D7562B3B155B004D48D1 /* Data */ = {
			isa = PBXGroup;
			children = (
				DFE449F32B3D9F8C00F19F9C /* Hotel */,
				DFE44A3B2B3DD1AE00F19F9C /* PropertyRowItem.swift */,
			);
			path = Data;
			sourceTree = "<group>";
		};
		DFD4D7572B3B1562004D48D1 /* System */ = {
			isa = PBXGroup;
			children = (
				DFD4D71B2B3B12E3004D48D1 /* AppDelegate.swift */,
				DFD4D71D2B3B12E3004D48D1 /* SceneDelegate.swift */,
				DFD4D7582B3B157F004D48D1 /* UICustomResponder.swift */,
				DFD4D75F2B3B15D2004D48D1 /* Config.swift */,
			);
			path = System;
			sourceTree = "<group>";
		};
		DFD4D75A2B3B15A3004D48D1 /* Home */ = {
			isa = PBXGroup;
			children = (
				DFD4D75B2B3B15B5004D48D1 /* HomeViewController.swift */,
				DFD4D75C2B3B15B5004D48D1 /* HomeViewController.xib */,
			);
			path = Home;
			sourceTree = "<group>";
		};
		DFD4D7672B3B1767004D48D1 /* Strings */ = {
			isa = PBXGroup;
			children = (
				DFD4D7702B3B2750004D48D1 /* Localizable.strings */,
			);
			path = Strings;
			sourceTree = "<group>";
		};
		DFD4D7682B3B1770004D48D1 /* Assets */ = {
			isa = PBXGroup;
			children = (
				DFD4D7242B3B12E5004D48D1 /* Assets.xcassets */,
			);
			path = Assets;
			sourceTree = "<group>";
		};
		DFD4D7692B3B1778004D48D1 /* Storyboard */ = {
			isa = PBXGroup;
			children = (
				DFD4D7262B3B12E5004D48D1 /* LaunchScreen.storyboard */,
				DFD4D7212B3B12E3004D48D1 /* Main.storyboard */,
			);
			path = Storyboard;
			sourceTree = "<group>";
		};
		DFD4D76A2B3B1794004D48D1 /* Typography */ = {
			isa = PBXGroup;
			children = (
			);
			path = Typography;
			sourceTree = "<group>";
		};
		DFD4D76B2B3B1798004D48D1 /* Fonts */ = {
			isa = PBXGroup;
			children = (
				DFE449FD2B3DB1A600F19F9C /* SF-Pro-Display-Black.otf */,
				DFE449F82B3DB1A600F19F9C /* SF-Pro-Display-BlackItalic.otf */,
				DFE449F62B3DB1A600F19F9C /* SF-Pro-Display-Bold.otf */,
				DFE44A032B3DB1A600F19F9C /* SF-Pro-Display-BoldItalic.otf */,
				DFE449FE2B3DB1A600F19F9C /* SF-Pro-Display-Heavy.otf */,
				DFE449FA2B3DB1A600F19F9C /* SF-Pro-Display-HeavyItalic.otf */,
				DFE449F92B3DB1A600F19F9C /* SF-Pro-Display-Light.otf */,
				DFE44A042B3DB1A600F19F9C /* SF-Pro-Display-LightItalic.otf */,
				DFE44A012B3DB1A600F19F9C /* SF-Pro-Display-Medium.otf */,
				DFE44A022B3DB1A600F19F9C /* SF-Pro-Display-MediumItalic.otf */,
				DFE449FB2B3DB1A600F19F9C /* SF-Pro-Display-Regular.otf */,
				DFE449F72B3DB1A600F19F9C /* SF-Pro-Display-RegularItalic.otf */,
				DFE44A052B3DB1A600F19F9C /* SF-Pro-Display-Semibold.otf */,
				DFE449FC2B3DB1A600F19F9C /* SF-Pro-Display-SemiboldItalic.otf */,
				DFE44A072B3DB1A600F19F9C /* SF-Pro-Display-Thin.otf */,
				DFE44A062B3DB1A600F19F9C /* SF-Pro-Display-ThinItalic.otf */,
				DFE449FF2B3DB1A600F19F9C /* SF-Pro-Display-Ultralight.otf */,
				DFE44A002B3DB1A600F19F9C /* SF-Pro-Display-UltralightItalic.otf */,
			);
			path = Fonts;
			sourceTree = "<group>";
		};
		DFD4D7722B3B289D004D48D1 /* Tools */ = {
			isa = PBXGroup;
			children = (
				DFD4D7732B3B28A3004D48D1 /* Splash */,
			);
			path = Tools;
			sourceTree = "<group>";
		};
		DFD4D7732B3B28A3004D48D1 /* Splash */ = {
			isa = PBXGroup;
			children = (
				DFD4D7742B3B28B6004D48D1 /* SplashViewController.swift */,
				DFD4D7752B3B28B6004D48D1 /* SplashViewController.xib */,
				DFE4499A2B3B2FC500F19F9C /* SplashPresenter.swift */,
				DFE4499C2B3B2FE300F19F9C /* SplashAnimator.swift */,
			);
			path = Splash;
			sourceTree = "<group>";
		};
		DFE4499E2B3B343C00F19F9C /* Packages */ = {
			isa = PBXGroup;
			children = (
			);
			path = Packages;
			sourceTree = "<group>";
		};
		DFE449D42B3C817300F19F9C /* HotelInfoView */ = {
			isa = PBXGroup;
			children = (
				DFE449D22B3C816D00F19F9C /* HotelInfoView.swift */,
				DFE449D52B3C818200F19F9C /* HotelInfoView.xib */,
			);
			path = HotelInfoView;
			sourceTree = "<group>";
		};
		DFE449D72B3C83C600F19F9C /* RatingView */ = {
			isa = PBXGroup;
			children = (
				DFE449D82B3C83D700F19F9C /* RatingView.swift */,
				DFE449DA2B3C83E100F19F9C /* RatingView.xib */,
			);
			path = RatingView;
			sourceTree = "<group>";
		};
		DFE449DC2B3C987D00F19F9C /* HotelFuturesView */ = {
			isa = PBXGroup;
			children = (
				DFE449DD2B3C989300F19F9C /* HotelFuturesView.swift */,
				DFE449DF2B3C98A100F19F9C /* HotelFuturesView.xib */,
				DFE449E12B3C99BB00F19F9C /* HotelFutureItem.swift */,
			);
			path = HotelFuturesView;
			sourceTree = "<group>";
		};
		DFE449E32B3CA98400F19F9C /* RoomSelect */ = {
			isa = PBXGroup;
			children = (
				DFE449EC2B3D9E7E00F19F9C /* RoomSelectViewCell */,
				DFE449E42B3CA99D00F19F9C /* RoomSelectViewController.swift */,
				DFE449E52B3CA99D00F19F9C /* RoomSelectViewController.xib */,
			);
			path = RoomSelect;
			sourceTree = "<group>";
		};
		DFE449EC2B3D9E7E00F19F9C /* RoomSelectViewCell */ = {
			isa = PBXGroup;
			children = (
				DFE449ED2B3D9EC200F19F9C /* RoomSelectViewCell.xib */,
				DFE449E82B3D9A9F00F19F9C /* RoomSelectViewCell.swift */,
			);
			path = RoomSelectViewCell;
			sourceTree = "<group>";
		};
		DFE449F32B3D9F8C00F19F9C /* Hotel */ = {
			isa = PBXGroup;
			children = (
				DFE449EA2B3D9E0C00F19F9C /* RoomSelectListItem.swift */,
				DFE449F42B3D9FA000F19F9C /* HotelItem.swift */,
				DFE44A392B3DC86D00F19F9C /* BookingInfoItem.swift */,
				DFE44A512B3E281500F19F9C /* BookingTouristItem.swift */,
			);
			path = Hotel;
			sourceTree = "<group>";
		};
		DFE44A1B2B3DC64600F19F9C /* Booking */ = {
			isa = PBXGroup;
			children = (
				DFE44A1C2B3DC64600F19F9C /* BookingViewController.xib */,
				DFE44A1D2B3DC64600F19F9C /* BookingViewController.swift */,
			);
			path = Booking;
			sourceTree = "<group>";
		};
		DFE44A202B3DC70E00F19F9C /* BookingInfoView */ = {
			isa = PBXGroup;
			children = (
				DFE44A212B3DC70E00F19F9C /* BookingInfoView.swift */,
				DFE44A222B3DC70E00F19F9C /* BookingInfoView.xib */,
			);
			path = BookingInfoView;
			sourceTree = "<group>";
		};
		DFE44A252B3DC75A00F19F9C /* BuyerInfoView */ = {
			isa = PBXGroup;
			children = (
				DFE44A262B3DC75A00F19F9C /* BuyerInfoView.swift */,
				DFE44A272B3DC75A00F19F9C /* BuyerInfoView.xib */,
			);
			path = BuyerInfoView;
			sourceTree = "<group>";
		};
		DFE44A2A2B3DC78100F19F9C /* TouristInfoView */ = {
			isa = PBXGroup;
			children = (
				DFE44A2B2B3DC78100F19F9C /* TouristInfoView.swift */,
				DFE44A2C2B3DC78100F19F9C /* TouristInfoView.xib */,
			);
			path = TouristInfoView;
			sourceTree = "<group>";
		};
		DFE44A2D2B3DC78100F19F9C /* TouristAddView */ = {
			isa = PBXGroup;
			children = (
				DFE44A2E2B3DC78100F19F9C /* TouristAddView.swift */,
				DFE44A2F2B3DC78100F19F9C /* TouristAddView.xib */,
			);
			path = TouristAddView;
			sourceTree = "<group>";
		};
		DFE44A342B3DC7A500F19F9C /* BookingTotalView */ = {
			isa = PBXGroup;
			children = (
				DFE44A352B3DC7A500F19F9C /* BookingTotalView.xib */,
				DFE44A362B3DC7A500F19F9C /* BookingTotalView.swift */,
			);
			path = BookingTotalView;
			sourceTree = "<group>";
		};
		DFE44A3D2B3E182800F19F9C /* FinishViewController */ = {
			isa = PBXGroup;
			children = (
				DFE44A432B3E185400F19F9C /* FinishViewController.swift */,
				DFE44A442B3E185400F19F9C /* FinishViewController.xib */,
			);
			path = FinishViewController;
			sourceTree = "<group>";
		};
		DFE44A4C2B3E26DE00F19F9C /* BookingTouristList */ = {
			isa = PBXGroup;
			children = (
				DFE44A532B3E288200F19F9C /* BookingTouristCell */,
				DFE44A4D2B3E26FF00F19F9C /* BookingTouristList.swift */,
				DFE44A4F2B3E270E00F19F9C /* BookingTouristList.xib */,
			);
			path = BookingTouristList;
			sourceTree = "<group>";
		};
		DFE44A532B3E288200F19F9C /* BookingTouristCell */ = {
			isa = PBXGroup;
			children = (
				DFE44A542B3E28AC00F19F9C /* BookingTouristViewCell.swift */,
				DFE44A552B3E28AC00F19F9C /* BookingTouristViewCell.xib */,
			);
			path = BookingTouristCell;
			sourceTree = "<group>";
		};
/* End PBXGroup section */

/* Begin PBXNativeTarget section */
		DFD4D7172B3B12E3004D48D1 /* EM TestApp01 */ = {
			isa = PBXNativeTarget;
			buildConfigurationList = DFD4D7422B3B12E5004D48D1 /* Build configuration list for PBXNativeTarget "EM TestApp01" */;
			buildPhases = (
				327319DD548CFD70661B042D /* [CP] Check Pods Manifest.lock */,
				DFD4D7142B3B12E3004D48D1 /* Sources */,
				DFD4D7152B3B12E3004D48D1 /* Frameworks */,
				DFD4D7162B3B12E3004D48D1 /* Resources */,
			);
			buildRules = (
			);
			dependencies = (
			);
			name = "EM TestApp01";
			packageProductDependencies = (
				DFE449A92B3B34EF00F19F9C /* StudiqCore */,
				DFE449AF2B3B371900F19F9C /* StudiqUI */,
				DFE449BF2B3B465700F19F9C /* EMCustomPkg */,
				DF1494C62B4D861B008B2D1C /* StudiqCore */,
				DF1494C92B4D86CF008B2D1C /* StudiqUI */,
				DF1494CC2B4D871C008B2D1C /* EMCustomPkg */,
			);
			productName = "EM TestApp01";
			productReference = DFD4D7182B3B12E3004D48D1 /* EM TestApp01.app */;
			productType = "com.apple.product-type.application";
		};
/* End PBXNativeTarget section */

/* Begin PBXProject section */
		DFD4D7102B3B12E3004D48D1 /* Project object */ = {
			isa = PBXProject;
			attributes = {
				BuildIndependentTargetsInParallel = 1;
				LastSwiftUpdateCheck = 1500;
				LastUpgradeCheck = 1500;
				TargetAttributes = {
					DFD4D7172B3B12E3004D48D1 = {
						CreatedOnToolsVersion = 15.0.1;
					};
				};
			};
			buildConfigurationList = DFD4D7132B3B12E3004D48D1 /* Build configuration list for PBXProject "EM TestApp01" */;
			compatibilityVersion = "Xcode 14.0";
			developmentRegion = en;
			hasScannedForEncodings = 0;
			knownRegions = (
				en,
				Base,
				ru,
			);
			mainGroup = DFD4D70F2B3B12E3004D48D1;
			packageReferences = (
				DF1494C52B4D861B008B2D1C /* XCRemoteSwiftPackageReference "StudiqCore" */,
				DF1494C82B4D86CF008B2D1C /* XCRemoteSwiftPackageReference "StudiqUI" */,
				DF1494CB2B4D871C008B2D1C /* XCRemoteSwiftPackageReference "EMCustomPkg" */,
			);
			productRefGroup = DFD4D7192B3B12E3004D48D1 /* Products */;
			projectDirPath = "";
			projectRoot = "";
			targets = (
				DFD4D7172B3B12E3004D48D1 /* EM TestApp01 */,
			);
		};
/* End PBXProject section */

/* Begin PBXResourcesBuildPhase section */
		DFD4D7162B3B12E3004D48D1 /* Resources */ = {
			isa = PBXResourcesBuildPhase;
			buildActionMask = 2147483647;
			files = (
				DFE449E72B3CA99D00F19F9C /* RoomSelectViewController.xib in Resources */,
				DFE44A0B2B3DB1A600F19F9C /* SF-Pro-Display-Light.otf in Resources */,
				DFD4D76E2B3B2750004D48D1 /* Localizable.strings in Resources */,
				DFE44A082B3DB1A600F19F9C /* SF-Pro-Display-Bold.otf in Resources */,
				DFE44A142B3DB1A600F19F9C /* SF-Pro-Display-MediumItalic.otf in Resources */,
				DFE44A332B3DC78100F19F9C /* TouristAddView.xib in Resources */,
				DFE44A242B3DC70E00F19F9C /* BookingInfoView.xib in Resources */,
				DFE44A092B3DB1A600F19F9C /* SF-Pro-Display-RegularItalic.otf in Resources */,
				DFE44A192B3DB1A600F19F9C /* SF-Pro-Display-Thin.otf in Resources */,
				DFD4D7772B3B28B6004D48D1 /* SplashViewController.xib in Resources */,
				DFE449EE2B3D9EC200F19F9C /* RoomSelectViewCell.xib in Resources */,
				DFE44A122B3DB1A600F19F9C /* SF-Pro-Display-UltralightItalic.otf in Resources */,
				DFD4D7282B3B12E5004D48D1 /* LaunchScreen.storyboard in Resources */,
				DFD4D7252B3B12E5004D48D1 /* Assets.xcassets in Resources */,
				DFE44A1E2B3DC64600F19F9C /* BookingViewController.xib in Resources */,
				DFE44A112B3DB1A600F19F9C /* SF-Pro-Display-Ultralight.otf in Resources */,
				DFE44A312B3DC78100F19F9C /* TouristInfoView.xib in Resources */,
				DFE44A372B3DC7A500F19F9C /* BookingTotalView.xib in Resources */,
				DFD4D7232B3B12E3004D48D1 /* Main.storyboard in Resources */,
				DFE44A292B3DC75A00F19F9C /* BuyerInfoView.xib in Resources */,
				DFE44A132B3DB1A600F19F9C /* SF-Pro-Display-Medium.otf in Resources */,
				DFE44A0A2B3DB1A600F19F9C /* SF-Pro-Display-BlackItalic.otf in Resources */,
				DFE44A172B3DB1A600F19F9C /* SF-Pro-Display-Semibold.otf in Resources */,
				DFE44A152B3DB1A600F19F9C /* SF-Pro-Display-BoldItalic.otf in Resources */,
				DFE44A102B3DB1A600F19F9C /* SF-Pro-Display-Heavy.otf in Resources */,
				DFE44A462B3E185400F19F9C /* FinishViewController.xib in Resources */,
				DFE44A0F2B3DB1A600F19F9C /* SF-Pro-Display-Black.otf in Resources */,
				DFE44A162B3DB1A600F19F9C /* SF-Pro-Display-LightItalic.otf in Resources */,
				DFD4D75E2B3B15B5004D48D1 /* HomeViewController.xib in Resources */,
				DFE449D62B3C818200F19F9C /* HotelInfoView.xib in Resources */,
				DFE449DB2B3C83E100F19F9C /* RatingView.xib in Resources */,
				DFE44A502B3E270E00F19F9C /* BookingTouristList.xib in Resources */,
				DFE44A0E2B3DB1A600F19F9C /* SF-Pro-Display-SemiboldItalic.otf in Resources */,
				DFE44A182B3DB1A600F19F9C /* SF-Pro-Display-ThinItalic.otf in Resources */,
				DFE449E02B3C98A100F19F9C /* HotelFuturesView.xib in Resources */,
				DFE44A0D2B3DB1A600F19F9C /* SF-Pro-Display-Regular.otf in Resources */,
				DFE44A0C2B3DB1A600F19F9C /* SF-Pro-Display-HeavyItalic.otf in Resources */,
				DFE44A572B3E28AC00F19F9C /* BookingTouristViewCell.xib in Resources */,
			);
			runOnlyForDeploymentPostprocessing = 0;
		};
/* End PBXResourcesBuildPhase section */

/* Begin PBXShellScriptBuildPhase section */
		327319DD548CFD70661B042D /* [CP] Check Pods Manifest.lock */ = {
			isa = PBXShellScriptBuildPhase;
			buildActionMask = 2147483647;
			files = (
			);
			inputFileListPaths = (
			);
			inputPaths = (
				"${PODS_PODFILE_DIR_PATH}/Podfile.lock",
				"${PODS_ROOT}/Manifest.lock",
			);
			name = "[CP] Check Pods Manifest.lock";
			outputFileListPaths = (
			);
			outputPaths = (
				"$(DERIVED_FILE_DIR)/Pods-EM TestApp01-checkManifestLockResult.txt",
			);
			runOnlyForDeploymentPostprocessing = 0;
			shellPath = /bin/sh;
			shellScript = "diff \"${PODS_PODFILE_DIR_PATH}/Podfile.lock\" \"${PODS_ROOT}/Manifest.lock\" > /dev/null\nif [ $? != 0 ] ; then\n    # print error to STDERR\n    echo \"error: The sandbox is not in sync with the Podfile.lock. Run 'pod install' or update your CocoaPods installation.\" >&2\n    exit 1\nfi\n# This output is used by Xcode 'outputs' to avoid re-running this script phase.\necho \"SUCCESS\" > \"${SCRIPT_OUTPUT_FILE_0}\"\n";
			showEnvVarsInLog = 0;
		};
/* End PBXShellScriptBuildPhase section */

/* Begin PBXSourcesBuildPhase section */
		DFD4D7142B3B12E3004D48D1 /* Sources */ = {
			isa = PBXSourcesBuildPhase;
			buildActionMask = 2147483647;
			files = (
				DFE44A4E2B3E26FF00F19F9C /* BookingTouristList.swift in Sources */,
				DFE449D92B3C83D700F19F9C /* RatingView.swift in Sources */,
				DFD4D75D2B3B15B5004D48D1 /* HomeViewController.swift in Sources */,
				DFE44A232B3DC70E00F19F9C /* BookingInfoView.swift in Sources */,
				DFE44A452B3E185400F19F9C /* FinishViewController.swift in Sources */,
				DFE44A562B3E28AC00F19F9C /* BookingTouristViewCell.swift in Sources */,
				DFD4D7592B3B157F004D48D1 /* UICustomResponder.swift in Sources */,
				DFE44A282B3DC75A00F19F9C /* BuyerInfoView.swift in Sources */,
				DFD4D71C2B3B12E3004D48D1 /* AppDelegate.swift in Sources */,
				DFE449E22B3C99BB00F19F9C /* HotelFutureItem.swift in Sources */,
				DFD4D7762B3B28B6004D48D1 /* SplashViewController.swift in Sources */,
				DFE449C32B3B549E00F19F9C /* UIColor.swift in Sources */,
				DFE44A3C2B3DD1AE00F19F9C /* PropertyRowItem.swift in Sources */,
				DFE44A322B3DC78100F19F9C /* TouristAddView.swift in Sources */,
				DFE44A382B3DC7A500F19F9C /* BookingTotalView.swift in Sources */,
				DFE449DE2B3C989300F19F9C /* HotelFuturesView.swift in Sources */,
				DFE449D32B3C816D00F19F9C /* HotelInfoView.swift in Sources */,
				DFE449E92B3D9A9F00F19F9C /* RoomSelectViewCell.swift in Sources */,
				DFE44A1F2B3DC64600F19F9C /* BookingViewController.swift in Sources */,
				DFD4D71E2B3B12E3004D48D1 /* SceneDelegate.swift in Sources */,
				DFE44A302B3DC78100F19F9C /* TouristInfoView.swift in Sources */,
				DFE449F52B3D9FA000F19F9C /* HotelItem.swift in Sources */,
				DFE44A522B3E281500F19F9C /* BookingTouristItem.swift in Sources */,
				DFE449EB2B3D9E0C00F19F9C /* RoomSelectListItem.swift in Sources */,
				DFE449E62B3CA99D00F19F9C /* RoomSelectViewController.swift in Sources */,
				DFE44A3A2B3DC86D00F19F9C /* BookingInfoItem.swift in Sources */,
				DFE4499D2B3B2FE300F19F9C /* SplashAnimator.swift in Sources */,
				DFE4499B2B3B2FC500F19F9C /* SplashPresenter.swift in Sources */,
				DFD4D7602B3B15D2004D48D1 /* Config.swift in Sources */,
			);
			runOnlyForDeploymentPostprocessing = 0;
		};
/* End PBXSourcesBuildPhase section */

/* Begin PBXVariantGroup section */
		DFD4D7212B3B12E3004D48D1 /* Main.storyboard */ = {
			isa = PBXVariantGroup;
			children = (
				DFD4D7222B3B12E3004D48D1 /* Base */,
			);
			name = Main.storyboard;
			sourceTree = "<group>";
		};
		DFD4D7262B3B12E5004D48D1 /* LaunchScreen.storyboard */ = {
			isa = PBXVariantGroup;
			children = (
				DFD4D7272B3B12E5004D48D1 /* Base */,
			);
			name = LaunchScreen.storyboard;
			sourceTree = "<group>";
		};
		DFD4D7702B3B2750004D48D1 /* Localizable.strings */ = {
			isa = PBXVariantGroup;
			children = (
				DFD4D76F2B3B2750004D48D1 /* en */,
				DFD4D7712B3B275E004D48D1 /* ru */,
			);
			name = Localizable.strings;
			sourceTree = "<group>";
		};
/* End PBXVariantGroup section */

/* Begin XCBuildConfiguration section */
		DFD4D7402B3B12E5004D48D1 /* Debug */ = {
			isa = XCBuildConfiguration;
			buildSettings = {
				ALWAYS_SEARCH_USER_PATHS = NO;
				ASSETCATALOG_COMPILER_GENERATE_SWIFT_ASSET_SYMBOL_EXTENSIONS = YES;
				CLANG_ANALYZER_LOCALIZABILITY_NONLOCALIZED = YES;
				CLANG_ANALYZER_NONNULL = YES;
				CLANG_ANALYZER_NUMBER_OBJECT_CONVERSION = YES_AGGRESSIVE;
				CLANG_CXX_LANGUAGE_STANDARD = "gnu++20";
				CLANG_ENABLE_MODULES = YES;
				CLANG_ENABLE_OBJC_ARC = YES;
				CLANG_ENABLE_OBJC_WEAK = YES;
				CLANG_WARN_BLOCK_CAPTURE_AUTORELEASING = YES;
				CLANG_WARN_BOOL_CONVERSION = YES;
				CLANG_WARN_COMMA = YES;
				CLANG_WARN_CONSTANT_CONVERSION = YES;
				CLANG_WARN_DEPRECATED_OBJC_IMPLEMENTATIONS = YES;
				CLANG_WARN_DIRECT_OBJC_ISA_USAGE = YES_ERROR;
				CLANG_WARN_DOCUMENTATION_COMMENTS = YES;
				CLANG_WARN_EMPTY_BODY = YES;
				CLANG_WARN_ENUM_CONVERSION = YES;
				CLANG_WARN_INFINITE_RECURSION = YES;
				CLANG_WARN_INT_CONVERSION = YES;
				CLANG_WARN_NON_LITERAL_NULL_CONVERSION = YES;
				CLANG_WARN_OBJC_IMPLICIT_RETAIN_SELF = YES;
				CLANG_WARN_OBJC_LITERAL_CONVERSION = YES;
				CLANG_WARN_OBJC_ROOT_CLASS = YES_ERROR;
				CLANG_WARN_QUOTED_INCLUDE_IN_FRAMEWORK_HEADER = YES;
				CLANG_WARN_RANGE_LOOP_ANALYSIS = YES;
				CLANG_WARN_STRICT_PROTOTYPES = YES;
				CLANG_WARN_SUSPICIOUS_MOVE = YES;
				CLANG_WARN_UNGUARDED_AVAILABILITY = YES_AGGRESSIVE;
				CLANG_WARN_UNREACHABLE_CODE = YES;
				CLANG_WARN__DUPLICATE_METHOD_MATCH = YES;
				COPY_PHASE_STRIP = NO;
				DEBUG_INFORMATION_FORMAT = dwarf;
				ENABLE_STRICT_OBJC_MSGSEND = YES;
				ENABLE_TESTABILITY = YES;
				ENABLE_USER_SCRIPT_SANDBOXING = YES;
				GCC_C_LANGUAGE_STANDARD = gnu17;
				GCC_DYNAMIC_NO_PIC = NO;
				GCC_NO_COMMON_BLOCKS = YES;
				GCC_OPTIMIZATION_LEVEL = 0;
				GCC_PREPROCESSOR_DEFINITIONS = (
					"DEBUG=1",
					"$(inherited)",
				);
				GCC_WARN_64_TO_32_BIT_CONVERSION = YES;
				GCC_WARN_ABOUT_RETURN_TYPE = YES_ERROR;
				GCC_WARN_UNDECLARED_SELECTOR = YES;
				GCC_WARN_UNINITIALIZED_AUTOS = YES_AGGRESSIVE;
				GCC_WARN_UNUSED_FUNCTION = YES;
				GCC_WARN_UNUSED_VARIABLE = YES;
				IPHONEOS_DEPLOYMENT_TARGET = 15.0;
				LOCALIZATION_PREFERS_STRING_CATALOGS = YES;
				MTL_ENABLE_DEBUG_INFO = INCLUDE_SOURCE;
				MTL_FAST_MATH = YES;
				ONLY_ACTIVE_ARCH = YES;
				SDKROOT = iphoneos;
				SWIFT_ACTIVE_COMPILATION_CONDITIONS = "DEBUG $(inherited)";
				SWIFT_OPTIMIZATION_LEVEL = "-Onone";
			};
			name = Debug;
		};
		DFD4D7412B3B12E5004D48D1 /* Release */ = {
			isa = XCBuildConfiguration;
			buildSettings = {
				ALWAYS_SEARCH_USER_PATHS = NO;
				ASSETCATALOG_COMPILER_GENERATE_SWIFT_ASSET_SYMBOL_EXTENSIONS = YES;
				CLANG_ANALYZER_LOCALIZABILITY_NONLOCALIZED = YES;
				CLANG_ANALYZER_NONNULL = YES;
				CLANG_ANALYZER_NUMBER_OBJECT_CONVERSION = YES_AGGRESSIVE;
				CLANG_CXX_LANGUAGE_STANDARD = "gnu++20";
				CLANG_ENABLE_MODULES = YES;
				CLANG_ENABLE_OBJC_ARC = YES;
				CLANG_ENABLE_OBJC_WEAK = YES;
				CLANG_WARN_BLOCK_CAPTURE_AUTORELEASING = YES;
				CLANG_WARN_BOOL_CONVERSION = YES;
				CLANG_WARN_COMMA = YES;
				CLANG_WARN_CONSTANT_CONVERSION = YES;
				CLANG_WARN_DEPRECATED_OBJC_IMPLEMENTATIONS = YES;
				CLANG_WARN_DIRECT_OBJC_ISA_USAGE = YES_ERROR;
				CLANG_WARN_DOCUMENTATION_COMMENTS = YES;
				CLANG_WARN_EMPTY_BODY = YES;
				CLANG_WARN_ENUM_CONVERSION = YES;
				CLANG_WARN_INFINITE_RECURSION = YES;
				CLANG_WARN_INT_CONVERSION = YES;
				CLANG_WARN_NON_LITERAL_NULL_CONVERSION = YES;
				CLANG_WARN_OBJC_IMPLICIT_RETAIN_SELF = YES;
				CLANG_WARN_OBJC_LITERAL_CONVERSION = YES;
				CLANG_WARN_OBJC_ROOT_CLASS = YES_ERROR;
				CLANG_WARN_QUOTED_INCLUDE_IN_FRAMEWORK_HEADER = YES;
				CLANG_WARN_RANGE_LOOP_ANALYSIS = YES;
				CLANG_WARN_STRICT_PROTOTYPES = YES;
				CLANG_WARN_SUSPICIOUS_MOVE = YES;
				CLANG_WARN_UNGUARDED_AVAILABILITY = YES_AGGRESSIVE;
				CLANG_WARN_UNREACHABLE_CODE = YES;
				CLANG_WARN__DUPLICATE_METHOD_MATCH = YES;
				COPY_PHASE_STRIP = NO;
				DEBUG_INFORMATION_FORMAT = "dwarf-with-dsym";
				ENABLE_NS_ASSERTIONS = NO;
				ENABLE_STRICT_OBJC_MSGSEND = YES;
				ENABLE_USER_SCRIPT_SANDBOXING = YES;
				GCC_C_LANGUAGE_STANDARD = gnu17;
				GCC_NO_COMMON_BLOCKS = YES;
				GCC_WARN_64_TO_32_BIT_CONVERSION = YES;
				GCC_WARN_ABOUT_RETURN_TYPE = YES_ERROR;
				GCC_WARN_UNDECLARED_SELECTOR = YES;
				GCC_WARN_UNINITIALIZED_AUTOS = YES_AGGRESSIVE;
				GCC_WARN_UNUSED_FUNCTION = YES;
				GCC_WARN_UNUSED_VARIABLE = YES;
				IPHONEOS_DEPLOYMENT_TARGET = 15.0;
				LOCALIZATION_PREFERS_STRING_CATALOGS = YES;
				MTL_ENABLE_DEBUG_INFO = NO;
				MTL_FAST_MATH = YES;
				SDKROOT = iphoneos;
				SWIFT_COMPILATION_MODE = wholemodule;
				VALIDATE_PRODUCT = YES;
			};
			name = Release;
		};
		DFD4D7432B3B12E5004D48D1 /* Debug */ = {
			isa = XCBuildConfiguration;
			baseConfigurationReference = 69608AB394C7A9F51099078E /* Pods-EM TestApp01.debug.xcconfig */;
			buildSettings = {
				ASSETCATALOG_COMPILER_APPICON_NAME = AppIcon;
				ASSETCATALOG_COMPILER_GLOBAL_ACCENT_COLOR_NAME = AccentColor;
				CODE_SIGN_STYLE = Automatic;
				CURRENT_PROJECT_VERSION = 1;
				DEVELOPMENT_TEAM = X6QU69422C;
				GENERATE_INFOPLIST_FILE = YES;
				INFOPLIST_FILE = "EM TestApp01/info/Info.plist";
				INFOPLIST_KEY_UIApplicationSupportsIndirectInputEvents = YES;
				INFOPLIST_KEY_UILaunchStoryboardName = LaunchScreen.storyboard;
				INFOPLIST_KEY_UIMainStoryboardFile = Main;
				INFOPLIST_KEY_UISupportedInterfaceOrientations = UIInterfaceOrientationPortrait;
				IPHONEOS_DEPLOYMENT_TARGET = 15.0;
				LD_RUNPATH_SEARCH_PATHS = (
					"$(inherited)",
					"@executable_path/Frameworks",
				);
				MARKETING_VERSION = 1.0;
				PRODUCT_BUNDLE_IDENTIFIER = "ru.dvostr.EM-TestApp01";
				PRODUCT_NAME = "$(TARGET_NAME)";
				SWIFT_EMIT_LOC_STRINGS = YES;
				SWIFT_VERSION = 5.0;
				TARGETED_DEVICE_FAMILY = "1,2";
			};
			name = Debug;
		};
		DFD4D7442B3B12E5004D48D1 /* Release */ = {
			isa = XCBuildConfiguration;
			baseConfigurationReference = C43D878D49A89BFA5E6591A2 /* Pods-EM TestApp01.release.xcconfig */;
			buildSettings = {
				ASSETCATALOG_COMPILER_APPICON_NAME = AppIcon;
				ASSETCATALOG_COMPILER_GLOBAL_ACCENT_COLOR_NAME = AccentColor;
				CODE_SIGN_STYLE = Automatic;
				CURRENT_PROJECT_VERSION = 1;
				DEVELOPMENT_TEAM = X6QU69422C;
				GENERATE_INFOPLIST_FILE = YES;
				INFOPLIST_FILE = "EM TestApp01/info/Info.plist";
				INFOPLIST_KEY_UIApplicationSupportsIndirectInputEvents = YES;
				INFOPLIST_KEY_UILaunchStoryboardName = LaunchScreen.storyboard;
				INFOPLIST_KEY_UIMainStoryboardFile = Main;
				INFOPLIST_KEY_UISupportedInterfaceOrientations = UIInterfaceOrientationPortrait;
				IPHONEOS_DEPLOYMENT_TARGET = 15.0;
				LD_RUNPATH_SEARCH_PATHS = (
					"$(inherited)",
					"@executable_path/Frameworks",
				);
				MARKETING_VERSION = 1.0;
				PRODUCT_BUNDLE_IDENTIFIER = "ru.dvostr.EM-TestApp01";
				PRODUCT_NAME = "$(TARGET_NAME)";
				SWIFT_EMIT_LOC_STRINGS = YES;
				SWIFT_VERSION = 5.0;
				TARGETED_DEVICE_FAMILY = "1,2";
			};
			name = Release;
		};
/* End XCBuildConfiguration section */

/* Begin XCConfigurationList section */
		DFD4D7132B3B12E3004D48D1 /* Build configuration list for PBXProject "EM TestApp01" */ = {
			isa = XCConfigurationList;
			buildConfigurations = (
				DFD4D7402B3B12E5004D48D1 /* Debug */,
				DFD4D7412B3B12E5004D48D1 /* Release */,
			);
			defaultConfigurationIsVisible = 0;
			defaultConfigurationName = Release;
		};
		DFD4D7422B3B12E5004D48D1 /* Build configuration list for PBXNativeTarget "EM TestApp01" */ = {
			isa = XCConfigurationList;
			buildConfigurations = (
				DFD4D7432B3B12E5004D48D1 /* Debug */,
				DFD4D7442B3B12E5004D48D1 /* Release */,
			);
			defaultConfigurationIsVisible = 0;
			defaultConfigurationName = Release;
		};
/* End XCConfigurationList section */

/* Begin XCRemoteSwiftPackageReference section */
		DF1494C52B4D861B008B2D1C /* XCRemoteSwiftPackageReference "StudiqCore" */ = {
			isa = XCRemoteSwiftPackageReference;
			repositoryURL = "https://github.com/dvvostr/StudiqCore";
			requirement = {
				branch = main;
				kind = branch;
			};
		};
		DF1494C82B4D86CF008B2D1C /* XCRemoteSwiftPackageReference "StudiqUI" */ = {
			isa = XCRemoteSwiftPackageReference;
			repositoryURL = "https://github.com/dvvostr/StudiqUI";
			requirement = {
				branch = main;
				kind = branch;
			};
		};
		DF1494CB2B4D871C008B2D1C /* XCRemoteSwiftPackageReference "EMCustomPkg" */ = {
			isa = XCRemoteSwiftPackageReference;
			repositoryURL = "https://github.com/dvvostr/EMCustomPkg";
			requirement = {
				branch = main;
				kind = branch;
			};
		};
/* End XCRemoteSwiftPackageReference section */

/* Begin XCSwiftPackageProductDependency section */
		DF1494C62B4D861B008B2D1C /* StudiqCore */ = {
			isa = XCSwiftPackageProductDependency;
			package = DF1494C52B4D861B008B2D1C /* XCRemoteSwiftPackageReference "StudiqCore" */;
			productName = StudiqCore;
		};
		DF1494C92B4D86CF008B2D1C /* StudiqUI */ = {
			isa = XCSwiftPackageProductDependency;
			package = DF1494C82B4D86CF008B2D1C /* XCRemoteSwiftPackageReference "StudiqUI" */;
			productName = StudiqUI;
		};
		DF1494CC2B4D871C008B2D1C /* EMCustomPkg */ = {
			isa = XCSwiftPackageProductDependency;
			package = DF1494CB2B4D871C008B2D1C /* XCRemoteSwiftPackageReference "EMCustomPkg" */;
			productName = EMCustomPkg;
		};
		DFE449A92B3B34EF00F19F9C /* StudiqCore */ = {
			isa = XCSwiftPackageProductDependency;
			productName = StudiqCore;
		};
		DFE449AF2B3B371900F19F9C /* StudiqUI */ = {
			isa = XCSwiftPackageProductDependency;
			productName = StudiqUI;
		};
		DFE449BF2B3B465700F19F9C /* EMCustomPkg */ = {
			isa = XCSwiftPackageProductDependency;
			productName = EMCustomPkg;
		};
/* End XCSwiftPackageProductDependency section */
	};
	rootObject = DFD4D7102B3B12E3004D48D1 /* Project object */;
}
